
Microsoft Visual Studio Solution File, Format Version 12.00
# Visual Studio Version 16
VisualStudioVersion = 16.0.30218.91
MinimumVisualStudioVersion = 10.0.40219.1
Project("{FAE04EC0-301F-11D3-BF4B-00C04F79EFBC}") = "DelegateSamples", "DelegateSamples\DelegateSamples.csproj", "{1B90BD06-2CDA-4FE4-B9A6-BC1D6FE0B886}"
EndProject
Global
	GlobalSection(SolutionConfigurationPlatforms) = preSolution
		Debug|Any CPU = Debug|Any CPU
		Release|Any CPU = Release|Any CPU
	EndGlobalSection
	GlobalSection(ProjectConfigurationPlatforms) = postSolution
		{1B90BD06-2CDA-4FE4-B9A6-BC1D6FE0B886}.Debug|Any CPU.ActiveCfg = Debug|Any CPU
		{1B90BD06-2CDA-4FE4-B9A6-BC1D6FE0B886}.Debug|Any CPU.Build.0 = Debug|Any CPU
		{1B90BD06-2CDA-4FE4-B9A6-BC1D6FE0B886}.Release|Any CPU.ActiveCfg = Release|Any CPU
		{1B90BD06-2CDA-4FE4-B9A6-BC1D6FE0B886}.Release|Any CPU.Build.0 = Release|Any CPU
	EndGlobalSection
	GlobalSection(SolutionProperties) = preSolution
		HideSolutionNode = FALSE
	EndGlobalSection
	GlobalSection(ExtensibilityGlobals) = postSolution
		SolutionGuid = {3BB3A9ED-EB5F-4584-862E-5BF6E5C92D9B}
	EndGlobalSection
EndGlobal
